// !$*UTF8*$!
{
	archiveVersion = 1;
	classes = {
	};
	objectVersion = 50;
	objects = {

/* Begin PBXBuildFile section */
		4D1E488A2361C14D00F13E41 /* AppDelegate.swift in Sources */ = {isa = PBXBuildFile; fileRef = 4D1E48892361C14D00F13E41 /* AppDelegate.swift */; };
		4D1E488C2361C14D00F13E41 /* ViewController.swift in Sources */ = {isa = PBXBuildFile; fileRef = 4D1E488B2361C14D00F13E41 /* ViewController.swift */; };
		4D1E488F2361C14D00F13E41 /* Main.storyboard in Resources */ = {isa = PBXBuildFile; fileRef = 4D1E488D2361C14D00F13E41 /* Main.storyboard */; };
		4D1E48912361C15000F13E41 /* Assets.xcassets in Resources */ = {isa = PBXBuildFile; fileRef = 4D1E48902361C15000F13E41 /* Assets.xcassets */; };
		4D1E48942361C15000F13E41 /* LaunchScreen.storyboard in Resources */ = {isa = PBXBuildFile; fileRef = 4D1E48922361C15000F13E41 /* LaunchScreen.storyboard */; };
		4D1E489D2361C6C700F13E41 /* sTime.swift in Sources */ = {isa = PBXBuildFile; fileRef = 4D1E489C2361C6C700F13E41 /* sTime.swift */; };
		4D3A3513236FE2E000907FC9 /* Home.swift in Sources */ = {isa = PBXBuildFile; fileRef = 4D3A3512236FE2E000907FC9 /* Home.swift */; };
		4D3A3515236FE3BF00907FC9 /* ePage.swift in Sources */ = {isa = PBXBuildFile; fileRef = 4D3A3514236FE3BF00907FC9 /* ePage.swift */; };
		4D3A3517236FE4F800907FC9 /* HomeButton.swift in Sources */ = {isa = PBXBuildFile; fileRef = 4D3A3516236FE4F800907FC9 /* HomeButton.swift */; };
		4D3A351C23700F8800907FC9 /* 540x136_ButtonBase@2x.png in Resources */ = {isa = PBXBuildFile; fileRef = 4D3A351A23700F8800907FC9 /* 540x136_ButtonBase@2x.png */; };
		4D3A3520237010CA00907FC9 /* 540x136_ButtonTouch@2x.png in Resources */ = {isa = PBXBuildFile; fileRef = 4D3A351F237010CA00907FC9 /* 540x136_ButtonTouch@2x.png */; };
		4D3A35222371520E00907FC9 /* sGameControl.swift in Sources */ = {isa = PBXBuildFile; fileRef = 4D3A35212371520E00907FC9 /* sGameControl.swift */; };
		4D3A3524237159FA00907FC9 /* Page.swift in Sources */ = {isa = PBXBuildFile; fileRef = 4D3A3523237159FA00907FC9 /* Page.swift */; };
		4D3A35262371623F00907FC9 /* sStretchControl.swift in Sources */ = {isa = PBXBuildFile; fileRef = 4D3A35252371623F00907FC9 /* sStretchControl.swift */; };
		4D3A35292371A1F000907FC9 /* Soccer.swift in Sources */ = {isa = PBXBuildFile; fileRef = 4D3A35282371A1F000907FC9 /* Soccer.swift */; };
		4D3A352B2371A1F800907FC9 /* SoccerButton.swift in Sources */ = {isa = PBXBuildFile; fileRef = 4D3A352A2371A1F800907FC9 /* SoccerButton.swift */; };
		4D3A352D2371B16B00907FC9 /* eText.swift in Sources */ = {isa = PBXBuildFile; fileRef = 4D3A352C2371B16B00907FC9 /* eText.swift */; };
		4D3A35302371B66600907FC9 /* Basket.swift in Sources */ = {isa = PBXBuildFile; fileRef = 4D3A352F2371B66600907FC9 /* Basket.swift */; };
		4D3A35322371B68400907FC9 /* BasketButton.swift in Sources */ = {isa = PBXBuildFile; fileRef = 4D3A35312371B68400907FC9 /* BasketButton.swift */; };
		4D3A35352372427B00907FC9 /* TimeCount.swift in Sources */ = {isa = PBXBuildFile; fileRef = 4D3A35342372427B00907FC9 /* TimeCount.swift */; };
		4D3A35372372428900907FC9 /* TimeCountButton.swift in Sources */ = {isa = PBXBuildFile; fileRef = 4D3A35362372428900907FC9 /* TimeCountButton.swift */; };
		4D3A35402372871300907FC9 /* TimeCountBg.swift in Sources */ = {isa = PBXBuildFile; fileRef = 4D3A353F2372871300907FC9 /* TimeCountBg.swift */; };
		4D3A35442372AA6900907FC9 /* stretchMan02@2x.png in Resources */ = {isa = PBXBuildFile; fileRef = 4D3A35412372AA6900907FC9 /* stretchMan02@2x.png */; };
		4D3A35452372AA6900907FC9 /* stretchMan03@2x.png in Resources */ = {isa = PBXBuildFile; fileRef = 4D3A35422372AA6900907FC9 /* stretchMan03@2x.png */; };
		4D3A35462372AA6900907FC9 /* stretchMan01@2x.png in Resources */ = {isa = PBXBuildFile; fileRef = 4D3A35432372AA6900907FC9 /* stretchMan01@2x.png */; };
		4D3A354A2373ADE500907FC9 /* stretchMan04@2x.png in Resources */ = {isa = PBXBuildFile; fileRef = 4D3A35492373ADE500907FC9 /* stretchMan04@2x.png */; };
		4D3A354E2373EED000907FC9 /* MenuBg@2x.png in Resources */ = {isa = PBXBuildFile; fileRef = 4D3A354D2373EED000907FC9 /* MenuBg@2x.png */; };
		4D3A35512373F26D00907FC9 /* Menu.swift in Sources */ = {isa = PBXBuildFile; fileRef = 4D3A35502373F26D00907FC9 /* Menu.swift */; };
		4D3A35532373F2E700907FC9 /* MenuButton.swift in Sources */ = {isa = PBXBuildFile; fileRef = 4D3A35522373F2E700907FC9 /* MenuButton.swift */; };
		4D3A35552373F40E00907FC9 /* 360x136@2x.png in Resources */ = {isa = PBXBuildFile; fileRef = 4D3A35542373F40E00907FC9 /* 360x136@2x.png */; };
		4D3A35572373FA2900907FC9 /* eMenuPosition.swift in Sources */ = {isa = PBXBuildFile; fileRef = 4D3A35562373FA2900907FC9 /* eMenuPosition.swift */; };
		4D41A5F0236E4F84000A85DE /* sBasicButton.swift in Sources */ = {isa = PBXBuildFile; fileRef = 4D41A5EF236E4F84000A85DE /* sBasicButton.swift */; };
		4D41A5F2236E90FE000A85DE /* BasicButtonParts.swift in Sources */ = {isa = PBXBuildFile; fileRef = 4D41A5F1236E90FE000A85DE /* BasicButtonParts.swift */; };
		4D78F0E423681A64004F69B1 /* eDevice.swift in Sources */ = {isa = PBXBuildFile; fileRef = 4D78F0E323681A64004F69B1 /* eDevice.swift */; };
		4D78F0E723681D5B004F69B1 /* MakeY.swift in Sources */ = {isa = PBXBuildFile; fileRef = 4D78F0E623681D5B004F69B1 /* MakeY.swift */; };
		4D78F0EB23682C25004F69B1 /* GameManager.swift in Sources */ = {isa = PBXBuildFile; fileRef = 4D78F0EA23682C25004F69B1 /* GameManager.swift */; };
		4D78F0EE23686185004F69B1 /* sXPosition.swift in Sources */ = {isa = PBXBuildFile; fileRef = 4D78F0ED23686185004F69B1 /* sXPosition.swift */; };
		4D78F0F023686266004F69B1 /* sYPosition.swift in Sources */ = {isa = PBXBuildFile; fileRef = 4D78F0EF23686266004F69B1 /* sYPosition.swift */; };
		4D78F0F223686FA4004F69B1 /* eGame.swift in Sources */ = {isa = PBXBuildFile; fileRef = 4D78F0F123686FA4004F69B1 /* eGame.swift */; };
		4D78F0F42368725C004F69B1 /* eGameSize.swift in Sources */ = {isa = PBXBuildFile; fileRef = 4D78F0F32368725C004F69B1 /* eGameSize.swift */; };
		4D78F0F623694741004F69B1 /* eTouchStatus.swift in Sources */ = {isa = PBXBuildFile; fileRef = 4D78F0F523694741004F69B1 /* eTouchStatus.swift */; };
		4D78F0F8236949FD004F69B1 /* eDragDirection.swift in Sources */ = {isa = PBXBuildFile; fileRef = 4D78F0F7236949FD004F69B1 /* eDragDirection.swift */; };
		4D78F0FA23694BD3004F69B1 /* sTouch.swift in Sources */ = {isa = PBXBuildFile; fileRef = 4D78F0F923694BD3004F69B1 /* sTouch.swift */; };
		4D78F0FC23694C92004F69B1 /* TouchManager.swift in Sources */ = {isa = PBXBuildFile; fileRef = 4D78F0FB23694C92004F69B1 /* TouchManager.swift */; };
		4D78F0FE236A6D60004F69B1 /* sLabel.swift in Sources */ = {isa = PBXBuildFile; fileRef = 4D78F0FD236A6D60004F69B1 /* sLabel.swift */; };
		4D78F100236A6E28004F69B1 /* eFont.swift in Sources */ = {isa = PBXBuildFile; fileRef = 4D78F0FF236A6E28004F69B1 /* eFont.swift */; };
		4D78F104236A76BA004F69B1 /* sSprite.swift in Sources */ = {isa = PBXBuildFile; fileRef = 4D78F103236A76BA004F69B1 /* sSprite.swift */; };
		4D78F106236A78DE004F69B1 /* eZPosition.swift in Sources */ = {isa = PBXBuildFile; fileRef = 4D78F105236A78DE004F69B1 /* eZPosition.swift */; };
		4D78F108236ABDC7004F69B1 /* Debug.swift in Sources */ = {isa = PBXBuildFile; fileRef = 4D78F107236ABDC7004F69B1 /* Debug.swift */; };
		4D78F10D236AD169004F69B1 /* 360x162_Upper@2x.png in Resources */ = {isa = PBXBuildFile; fileRef = 4D78F10B236AD169004F69B1 /* 360x162_Upper@2x.png */; };
		4D78F10E236AD169004F69B1 /* 360x162_Under@2x.png in Resources */ = {isa = PBXBuildFile; fileRef = 4D78F10C236AD169004F69B1 /* 360x162_Under@2x.png */; };
		4D78F111236AD760004F69B1 /* Bg@2x.png in Resources */ = {isa = PBXBuildFile; fileRef = 4D78F110236AD760004F69B1 /* Bg@2x.png */; };
		4D78F114236AF3C9004F69B1 /* Stretch.swift in Sources */ = {isa = PBXBuildFile; fileRef = 4D78F113236AF3C9004F69B1 /* Stretch.swift */; };
		4D78F116236AF3D6004F69B1 /* StretchBg.swift in Sources */ = {isa = PBXBuildFile; fileRef = 4D78F115236AF3D6004F69B1 /* StretchBg.swift */; };
		4D78F11A236AF82A004F69B1 /* NodesManager.swift in Sources */ = {isa = PBXBuildFile; fileRef = 4D78F119236AF82A004F69B1 /* NodesManager.swift */; };
		4D78F11C236AF8DE004F69B1 /* sNode.swift in Sources */ = {isa = PBXBuildFile; fileRef = 4D78F11B236AF8DE004F69B1 /* sNode.swift */; };
		4D78F11E236B0A8D004F69B1 /* PageParts.swift in Sources */ = {isa = PBXBuildFile; fileRef = 4D78F11D236B0A8D004F69B1 /* PageParts.swift */; };
		4D78F120236B1024004F69B1 /* ePagePosition.swift in Sources */ = {isa = PBXBuildFile; fileRef = 4D78F11F236B1024004F69B1 /* ePagePosition.swift */; };
/* End PBXBuildFile section */

/* Begin PBXFileReference section */
		4D1E48862361C14D00F13E41 /* Sports.app */ = {isa = PBXFileReference; explicitFileType = wrapper.application; includeInIndex = 0; path = Sports.app; sourceTree = BUILT_PRODUCTS_DIR; };
		4D1E48892361C14D00F13E41 /* AppDelegate.swift */ = {isa = PBXFileReference; lastKnownFileType = sourcecode.swift; path = AppDelegate.swift; sourceTree = "<group>"; };
		4D1E488B2361C14D00F13E41 /* ViewController.swift */ = {isa = PBXFileReference; lastKnownFileType = sourcecode.swift; path = ViewController.swift; sourceTree = "<group>"; };
		4D1E488E2361C14D00F13E41 /* Base */ = {isa = PBXFileReference; lastKnownFileType = file.storyboard; name = Base; path = Base.lproj/Main.storyboard; sourceTree = "<group>"; };
		4D1E48902361C15000F13E41 /* Assets.xcassets */ = {isa = PBXFileReference; lastKnownFileType = folder.assetcatalog; path = Assets.xcassets; sourceTree = "<group>"; };
		4D1E48932361C15000F13E41 /* Base */ = {isa = PBXFileReference; lastKnownFileType = file.storyboard; name = Base; path = Base.lproj/LaunchScreen.storyboard; sourceTree = "<group>"; };
		4D1E48952361C15000F13E41 /* Info.plist */ = {isa = PBXFileReference; lastKnownFileType = text.plist.xml; path = Info.plist; sourceTree = "<group>"; };
		4D1E489C2361C6C700F13E41 /* sTime.swift */ = {isa = PBXFileReference; lastKnownFileType = sourcecode.swift; path = sTime.swift; sourceTree = "<group>"; };
		4D3A3512236FE2E000907FC9 /* Home.swift */ = {isa = PBXFileReference; lastKnownFileType = sourcecode.swift; path = Home.swift; sourceTree = "<group>"; };
		4D3A3514236FE3BF00907FC9 /* ePage.swift */ = {isa = PBXFileReference; lastKnownFileType = sourcecode.swift; path = ePage.swift; sourceTree = "<group>"; };
		4D3A3516236FE4F800907FC9 /* HomeButton.swift */ = {isa = PBXFileReference; lastKnownFileType = sourcecode.swift; path = HomeButton.swift; sourceTree = "<group>"; };
		4D3A351A23700F8800907FC9 /* 540x136_ButtonBase@2x.png */ = {isa = PBXFileReference; lastKnownFileType = image.png; path = "540x136_ButtonBase@2x.png"; sourceTree = "<group>"; };
		4D3A351F237010CA00907FC9 /* 540x136_ButtonTouch@2x.png */ = {isa = PBXFileReference; lastKnownFileType = image.png; path = "540x136_ButtonTouch@2x.png"; sourceTree = "<group>"; };
		4D3A35212371520E00907FC9 /* sGameControl.swift */ = {isa = PBXFileReference; lastKnownFileType = sourcecode.swift; path = sGameControl.swift; sourceTree = "<group>"; };
		4D3A3523237159FA00907FC9 /* Page.swift */ = {isa = PBXFileReference; lastKnownFileType = sourcecode.swift; path = Page.swift; sourceTree = "<group>"; };
		4D3A35252371623F00907FC9 /* sStretchControl.swift */ = {isa = PBXFileReference; lastKnownFileType = sourcecode.swift; path = sStretchControl.swift; sourceTree = "<group>"; };
		4D3A35282371A1F000907FC9 /* Soccer.swift */ = {isa = PBXFileReference; lastKnownFileType = sourcecode.swift; path = Soccer.swift; sourceTree = "<group>"; };
		4D3A352A2371A1F800907FC9 /* SoccerButton.swift */ = {isa = PBXFileReference; lastKnownFileType = sourcecode.swift; path = SoccerButton.swift; sourceTree = "<group>"; };
		4D3A352C2371B16B00907FC9 /* eText.swift */ = {isa = PBXFileReference; lastKnownFileType = sourcecode.swift; path = eText.swift; sourceTree = "<group>"; };
		4D3A352F2371B66600907FC9 /* Basket.swift */ = {isa = PBXFileReference; lastKnownFileType = sourcecode.swift; path = Basket.swift; sourceTree = "<group>"; };
		4D3A35312371B68400907FC9 /* BasketButton.swift */ = {isa = PBXFileReference; lastKnownFileType = sourcecode.swift; path = BasketButton.swift; sourceTree = "<group>"; };
		4D3A35342372427B00907FC9 /* TimeCount.swift */ = {isa = PBXFileReference; lastKnownFileType = sourcecode.swift; path = TimeCount.swift; sourceTree = "<group>"; };
		4D3A35362372428900907FC9 /* TimeCountButton.swift */ = {isa = PBXFileReference; lastKnownFileType = sourcecode.swift; path = TimeCountButton.swift; sourceTree = "<group>"; };
		4D3A353F2372871300907FC9 /* TimeCountBg.swift */ = {isa = PBXFileReference; lastKnownFileType = sourcecode.swift; path = TimeCountBg.swift; sourceTree = "<group>"; };
		4D3A35412372AA6900907FC9 /* stretchMan02@2x.png */ = {isa = PBXFileReference; lastKnownFileType = image.png; path = "stretchMan02@2x.png"; sourceTree = "<group>"; };
		4D3A35422372AA6900907FC9 /* stretchMan03@2x.png */ = {isa = PBXFileReference; lastKnownFileType = image.png; path = "stretchMan03@2x.png"; sourceTree = "<group>"; };
		4D3A35432372AA6900907FC9 /* stretchMan01@2x.png */ = {isa = PBXFileReference; lastKnownFileType = image.png; path = "stretchMan01@2x.png"; sourceTree = "<group>"; };
		4D3A35492373ADE500907FC9 /* stretchMan04@2x.png */ = {isa = PBXFileReference; lastKnownFileType = image.png; path = "stretchMan04@2x.png"; sourceTree = "<group>"; };
		4D3A354D2373EED000907FC9 /* MenuBg@2x.png */ = {isa = PBXFileReference; lastKnownFileType = image.png; path = "MenuBg@2x.png"; sourceTree = "<group>"; };
		4D3A35502373F26D00907FC9 /* Menu.swift */ = {isa = PBXFileReference; lastKnownFileType = sourcecode.swift; path = Menu.swift; sourceTree = "<group>"; };
		4D3A35522373F2E700907FC9 /* MenuButton.swift */ = {isa = PBXFileReference; lastKnownFileType = sourcecode.swift; path = MenuButton.swift; sourceTree = "<group>"; };
		4D3A35542373F40E00907FC9 /* 360x136@2x.png */ = {isa = PBXFileReference; lastKnownFileType = image.png; path = "360x136@2x.png"; sourceTree = "<group>"; };
		4D3A35562373FA2900907FC9 /* eMenuPosition.swift */ = {isa = PBXFileReference; lastKnownFileType = sourcecode.swift; path = eMenuPosition.swift; sourceTree = "<group>"; };
		4D41A5EF236E4F84000A85DE /* sBasicButton.swift */ = {isa = PBXFileReference; lastKnownFileType = sourcecode.swift; path = sBasicButton.swift; sourceTree = "<group>"; };
		4D41A5F1236E90FE000A85DE /* BasicButtonParts.swift */ = {isa = PBXFileReference; lastKnownFileType = sourcecode.swift; path = BasicButtonParts.swift; sourceTree = "<group>"; };
		4D78F0E323681A64004F69B1 /* eDevice.swift */ = {isa = PBXFileReference; lastKnownFileType = sourcecode.swift; path = eDevice.swift; sourceTree = "<group>"; };
		4D78F0E623681D5B004F69B1 /* MakeY.swift */ = {isa = PBXFileReference; lastKnownFileType = sourcecode.swift; path = MakeY.swift; sourceTree = "<group>"; };
		4D78F0EA23682C25004F69B1 /* GameManager.swift */ = {isa = PBXFileReference; lastKnownFileType = sourcecode.swift; path = GameManager.swift; sourceTree = "<group>"; };
		4D78F0ED23686185004F69B1 /* sXPosition.swift */ = {isa = PBXFileReference; lastKnownFileType = sourcecode.swift; path = sXPosition.swift; sourceTree = "<group>"; };
		4D78F0EF23686266004F69B1 /* sYPosition.swift */ = {isa = PBXFileReference; lastKnownFileType = sourcecode.swift; path = sYPosition.swift; sourceTree = "<group>"; };
		4D78F0F123686FA4004F69B1 /* eGame.swift */ = {isa = PBXFileReference; lastKnownFileType = sourcecode.swift; path = eGame.swift; sourceTree = "<group>"; };
		4D78F0F32368725C004F69B1 /* eGameSize.swift */ = {isa = PBXFileReference; lastKnownFileType = sourcecode.swift; path = eGameSize.swift; sourceTree = "<group>"; };
		4D78F0F523694741004F69B1 /* eTouchStatus.swift */ = {isa = PBXFileReference; lastKnownFileType = sourcecode.swift; path = eTouchStatus.swift; sourceTree = "<group>"; };
		4D78F0F7236949FD004F69B1 /* eDragDirection.swift */ = {isa = PBXFileReference; lastKnownFileType = sourcecode.swift; path = eDragDirection.swift; sourceTree = "<group>"; };
		4D78F0F923694BD3004F69B1 /* sTouch.swift */ = {isa = PBXFileReference; lastKnownFileType = sourcecode.swift; path = sTouch.swift; sourceTree = "<group>"; };
		4D78F0FB23694C92004F69B1 /* TouchManager.swift */ = {isa = PBXFileReference; lastKnownFileType = sourcecode.swift; path = TouchManager.swift; sourceTree = "<group>"; };
		4D78F0FD236A6D60004F69B1 /* sLabel.swift */ = {isa = PBXFileReference; lastKnownFileType = sourcecode.swift; path = sLabel.swift; sourceTree = "<group>"; };
		4D78F0FF236A6E28004F69B1 /* eFont.swift */ = {isa = PBXFileReference; lastKnownFileType = sourcecode.swift; path = eFont.swift; sourceTree = "<group>"; };
		4D78F103236A76BA004F69B1 /* sSprite.swift */ = {isa = PBXFileReference; lastKnownFileType = sourcecode.swift; path = sSprite.swift; sourceTree = "<group>"; };
		4D78F105236A78DE004F69B1 /* eZPosition.swift */ = {isa = PBXFileReference; lastKnownFileType = sourcecode.swift; path = eZPosition.swift; sourceTree = "<group>"; };
		4D78F107236ABDC7004F69B1 /* Debug.swift */ = {isa = PBXFileReference; lastKnownFileType = sourcecode.swift; path = Debug.swift; sourceTree = "<group>"; };
		4D78F10B236AD169004F69B1 /* 360x162_Upper@2x.png */ = {isa = PBXFileReference; lastKnownFileType = image.png; path = "360x162_Upper@2x.png"; sourceTree = "<group>"; };
		4D78F10C236AD169004F69B1 /* 360x162_Under@2x.png */ = {isa = PBXFileReference; lastKnownFileType = image.png; path = "360x162_Under@2x.png"; sourceTree = "<group>"; };
		4D78F110236AD760004F69B1 /* Bg@2x.png */ = {isa = PBXFileReference; lastKnownFileType = image.png; path = "Bg@2x.png"; sourceTree = "<group>"; };
		4D78F113236AF3C9004F69B1 /* Stretch.swift */ = {isa = PBXFileReference; lastKnownFileType = sourcecode.swift; path = Stretch.swift; sourceTree = "<group>"; };
		4D78F115236AF3D6004F69B1 /* StretchBg.swift */ = {isa = PBXFileReference; lastKnownFileType = sourcecode.swift; path = StretchBg.swift; sourceTree = "<group>"; };
		4D78F119236AF82A004F69B1 /* NodesManager.swift */ = {isa = PBXFileReference; lastKnownFileType = sourcecode.swift; path = NodesManager.swift; sourceTree = "<group>"; };
		4D78F11B236AF8DE004F69B1 /* sNode.swift */ = {isa = PBXFileReference; lastKnownFileType = sourcecode.swift; path = sNode.swift; sourceTree = "<group>"; };
		4D78F11D236B0A8D004F69B1 /* PageParts.swift */ = {isa = PBXFileReference; lastKnownFileType = sourcecode.swift; path = PageParts.swift; sourceTree = "<group>"; };
		4D78F11F236B1024004F69B1 /* ePagePosition.swift */ = {isa = PBXFileReference; lastKnownFileType = sourcecode.swift; path = ePagePosition.swift; sourceTree = "<group>"; };
/* End PBXFileReference section */

/* Begin PBXFrameworksBuildPhase section */
		4D1E48832361C14D00F13E41 /* Frameworks */ = {
			isa = PBXFrameworksBuildPhase;
			buildActionMask = 2147483647;
			files = (
			);
			runOnlyForDeploymentPostprocessing = 0;
		};
/* End PBXFrameworksBuildPhase section */

/* Begin PBXGroup section */
		4D1E487D2361C14D00F13E41 = {
			isa = PBXGroup;
			children = (
				4D1E48882361C14D00F13E41 /* Sports */,
				4D1E48872361C14D00F13E41 /* Products */,
			);
			sourceTree = "<group>";
		};
		4D1E48872361C14D00F13E41 /* Products */ = {
			isa = PBXGroup;
			children = (
				4D1E48862361C14D00F13E41 /* Sports.app */,
			);
			name = Products;
			sourceTree = "<group>";
		};
		4D1E48882361C14D00F13E41 /* Sports */ = {
			isa = PBXGroup;
			children = (
				4D78F112236AF386004F69B1 /* Stretch */,
				4D78F109236AD103004F69B1 /* Img */,
				4D78F0E523681CA2004F69B1 /* Engine */,
				4D1E489B2361C6A100F13E41 /* Enum */,
				4D78F0EC2368614C004F69B1 /* Struct */,
				4D1E48892361C14D00F13E41 /* AppDelegate.swift */,
				4D1E488B2361C14D00F13E41 /* ViewController.swift */,
				4D78F0EA23682C25004F69B1 /* GameManager.swift */,
				4D1E488D2361C14D00F13E41 /* Main.storyboard */,
				4D1E48902361C15000F13E41 /* Assets.xcassets */,
				4D1E48922361C15000F13E41 /* LaunchScreen.storyboard */,
				4D1E48952361C15000F13E41 /* Info.plist */,
			);
			path = Sports;
			sourceTree = "<group>";
		};
		4D1E489B2361C6A100F13E41 /* Enum */ = {
			isa = PBXGroup;
			children = (
				4D78F0E323681A64004F69B1 /* eDevice.swift */,
				4D78F0F7236949FD004F69B1 /* eDragDirection.swift */,
				4D78F0FF236A6E28004F69B1 /* eFont.swift */,
				4D78F0F123686FA4004F69B1 /* eGame.swift */,
				4D78F0F32368725C004F69B1 /* eGameSize.swift */,
				4D3A3514236FE3BF00907FC9 /* ePage.swift */,
				4D78F11F236B1024004F69B1 /* ePagePosition.swift */,
				4D3A35562373FA2900907FC9 /* eMenuPosition.swift */,
				4D3A352C2371B16B00907FC9 /* eText.swift */,
				4D78F0F523694741004F69B1 /* eTouchStatus.swift */,
				4D78F105236A78DE004F69B1 /* eZPosition.swift */,
			);
			path = Enum;
			sourceTree = "<group>";
		};
		4D3A3511236FE22300907FC9 /* Home */ = {
			isa = PBXGroup;
			children = (
				4D3A3512236FE2E000907FC9 /* Home.swift */,
				4D3A3516236FE4F800907FC9 /* HomeButton.swift */,
			);
			path = Home;
			sourceTree = "<group>";
		};
		4D3A351823700F3400907FC9 /* Button */ = {
			isa = PBXGroup;
			children = (
				4D3A35542373F40E00907FC9 /* 360x136@2x.png */,
				4D3A351A23700F8800907FC9 /* 540x136_ButtonBase@2x.png */,
				4D3A351F237010CA00907FC9 /* 540x136_ButtonTouch@2x.png */,
			);
			path = Button;
			sourceTree = "<group>";
		};
		4D3A35272371A1BA00907FC9 /* Soccer */ = {
			isa = PBXGroup;
			children = (
				4D3A35282371A1F000907FC9 /* Soccer.swift */,
				4D3A352A2371A1F800907FC9 /* SoccerButton.swift */,
			);
			path = Soccer;
			sourceTree = "<group>";
		};
		4D3A352E2371B65300907FC9 /* Basket */ = {
			isa = PBXGroup;
			children = (
				4D3A352F2371B66600907FC9 /* Basket.swift */,
				4D3A35312371B68400907FC9 /* BasketButton.swift */,
			);
			path = Basket;
			sourceTree = "<group>";
		};
		4D3A35332372420D00907FC9 /* TimeCount */ = {
			isa = PBXGroup;
			children = (
				4D3A35342372427B00907FC9 /* TimeCount.swift */,
				4D3A353F2372871300907FC9 /* TimeCountBg.swift */,
				4D3A35362372428900907FC9 /* TimeCountButton.swift */,
			);
			path = TimeCount;
			sourceTree = "<group>";
		};
		4D3A3538237284E200907FC9 /* StretchMan */ = {
			isa = PBXGroup;
			children = (
				4D3A35432372AA6900907FC9 /* stretchMan01@2x.png */,
				4D3A35412372AA6900907FC9 /* stretchMan02@2x.png */,
				4D3A35422372AA6900907FC9 /* stretchMan03@2x.png */,
				4D3A35492373ADE500907FC9 /* stretchMan04@2x.png */,
			);
			path = StretchMan;
			sourceTree = "<group>";
		};
		4D3A354F2373F26100907FC9 /* Menu */ = {
			isa = PBXGroup;
			children = (
				4D3A35502373F26D00907FC9 /* Menu.swift */,
				4D3A35522373F2E700907FC9 /* MenuButton.swift */,
			);
			path = Menu;
			sourceTree = "<group>";
		};
		4D78F0E523681CA2004F69B1 /* Engine */ = {
			isa = PBXGroup;
			children = (
				4D78F107236ABDC7004F69B1 /* Debug.swift */,
				4D78F0E623681D5B004F69B1 /* MakeY.swift */,
				4D78F119236AF82A004F69B1 /* NodesManager.swift */,
				4D3A3523237159FA00907FC9 /* Page.swift */,
				4D78F11D236B0A8D004F69B1 /* PageParts.swift */,
				4D78F0FB23694C92004F69B1 /* TouchManager.swift */,
				4D41A5F1236E90FE000A85DE /* BasicButtonParts.swift */,
			);
			path = Engine;
			sourceTree = "<group>";
		};
		4D78F0EC2368614C004F69B1 /* Struct */ = {
			isa = PBXGroup;
			children = (
				4D41A5EF236E4F84000A85DE /* sBasicButton.swift */,
				4D3A35212371520E00907FC9 /* sGameControl.swift */,
				4D3A35252371623F00907FC9 /* sStretchControl.swift */,
				4D78F0FD236A6D60004F69B1 /* sLabel.swift */,
				4D78F11B236AF8DE004F69B1 /* sNode.swift */,
				4D78F103236A76BA004F69B1 /* sSprite.swift */,
				4D1E489C2361C6C700F13E41 /* sTime.swift */,
				4D78F0F923694BD3004F69B1 /* sTouch.swift */,
				4D78F0ED23686185004F69B1 /* sXPosition.swift */,
				4D78F0EF23686266004F69B1 /* sYPosition.swift */,
			);
			path = Struct;
			sourceTree = "<group>";
		};
		4D78F109236AD103004F69B1 /* Img */ = {
			isa = PBXGroup;
			children = (
				4D3A3538237284E200907FC9 /* StretchMan */,
				4D3A351823700F3400907FC9 /* Button */,
				4D78F10F236AD6E6004F69B1 /* Bg */,
				4D78F10A236AD152004F69B1 /* Debug */,
			);
			path = Img;
			sourceTree = "<group>";
		};
		4D78F10A236AD152004F69B1 /* Debug */ = {
			isa = PBXGroup;
			children = (
				4D78F10C236AD169004F69B1 /* 360x162_Under@2x.png */,
				4D78F10B236AD169004F69B1 /* 360x162_Upper@2x.png */,
			);
			path = Debug;
			sourceTree = "<group>";
		};
		4D78F10F236AD6E6004F69B1 /* Bg */ = {
			isa = PBXGroup;
			children = (
				4D3A354D2373EED000907FC9 /* MenuBg@2x.png */,
				4D78F110236AD760004F69B1 /* Bg@2x.png */,
			);
			path = Bg;
			sourceTree = "<group>";
		};
		4D78F112236AF386004F69B1 /* Stretch */ = {
			isa = PBXGroup;
			children = (
				4D78F113236AF3C9004F69B1 /* Stretch.swift */,
				4D78F115236AF3D6004F69B1 /* StretchBg.swift */,
				4D3A354F2373F26100907FC9 /* Menu */,
				4D3A3511236FE22300907FC9 /* Home */,
				4D3A352E2371B65300907FC9 /* Basket */,
				4D3A35272371A1BA00907FC9 /* Soccer */,
				4D3A35332372420D00907FC9 /* TimeCount */,
			);
			path = Stretch;
			sourceTree = "<group>";
		};
/* End PBXGroup section */

/* Begin PBXNativeTarget section */
		4D1E48852361C14D00F13E41 /* Sports */ = {
			isa = PBXNativeTarget;
			buildConfigurationList = 4D1E48982361C15000F13E41 /* Build configuration list for PBXNativeTarget "Sports" */;
			buildPhases = (
				4D1E48822361C14D00F13E41 /* Sources */,
				4D1E48832361C14D00F13E41 /* Frameworks */,
				4D1E48842361C14D00F13E41 /* Resources */,
			);
			buildRules = (
			);
			dependencies = (
			);
			name = Sports;
			productName = Sports;
			productReference = 4D1E48862361C14D00F13E41 /* Sports.app */;
			productType = "com.apple.product-type.application";
		};
/* End PBXNativeTarget section */

/* Begin PBXProject section */
		4D1E487E2361C14D00F13E41 /* Project object */ = {
			isa = PBXProject;
			attributes = {
				LastSwiftUpdateCheck = 1020;
				LastUpgradeCheck = 1020;
				ORGANIZATIONNAME = "Project'97";
				TargetAttributes = {
					4D1E48852361C14D00F13E41 = {
						CreatedOnToolsVersion = 10.2;
					};
				};
			};
			buildConfigurationList = 4D1E48812361C14D00F13E41 /* Build configuration list for PBXProject "Sports" */;
			compatibilityVersion = "Xcode 9.3";
			developmentRegion = en;
			hasScannedForEncodings = 0;
			knownRegions = (
				en,
				Base,
			);
			mainGroup = 4D1E487D2361C14D00F13E41;
			productRefGroup = 4D1E48872361C14D00F13E41 /* Products */;
			projectDirPath = "";
			projectRoot = "";
			targets = (
				4D1E48852361C14D00F13E41 /* Sports */,
			);
		};
/* End PBXProject section */

/* Begin PBXResourcesBuildPhase section */
		4D1E48842361C14D00F13E41 /* Resources */ = {
			isa = PBXResourcesBuildPhase;
			buildActionMask = 2147483647;
			files = (
				4D3A3520237010CA00907FC9 /* 540x136_ButtonTouch@2x.png in Resources */,
				4D3A354E2373EED000907FC9 /* MenuBg@2x.png in Resources */,
				4D3A354A2373ADE500907FC9 /* stretchMan04@2x.png in Resources */,
				4D1E48942361C15000F13E41 /* LaunchScreen.storyboard in Resources */,
				4D78F111236AD760004F69B1 /* Bg@2x.png in Resources */,
				4D3A35462372AA6900907FC9 /* stretchMan01@2x.png in Resources */,
				4D1E48912361C15000F13E41 /* Assets.xcassets in Resources */,
				4D3A35452372AA6900907FC9 /* stretchMan03@2x.png in Resources */,
				4D78F10D236AD169004F69B1 /* 360x162_Upper@2x.png in Resources */,
				4D1E488F2361C14D00F13E41 /* Main.storyboard in Resources */,
				4D3A35442372AA6900907FC9 /* stretchMan02@2x.png in Resources */,
				4D78F10E236AD169004F69B1 /* 360x162_Under@2x.png in Resources */,
				4D3A35552373F40E00907FC9 /* 360x136@2x.png in Resources */,
				4D3A351C23700F8800907FC9 /* 540x136_ButtonBase@2x.png in Resources */,
			);
			runOnlyForDeploymentPostprocessing = 0;
		};
/* End PBXResourcesBuildPhase section */

/* Begin PBXSourcesBuildPhase section */
		4D1E48822361C14D00F13E41 /* Sources */ = {
			isa = PBXSourcesBuildPhase;
			buildActionMask = 2147483647;
			files = (
				4D3A352D2371B16B00907FC9 /* eText.swift in Sources */,
				4D1E489D2361C6C700F13E41 /* sTime.swift in Sources */,
				4D78F11E236B0A8D004F69B1 /* PageParts.swift in Sources */,
				4D3A35402372871300907FC9 /* TimeCountBg.swift in Sources */,
				4D3A3524237159FA00907FC9 /* Page.swift in Sources */,
				4D3A35302371B66600907FC9 /* Basket.swift in Sources */,
				4D3A3515236FE3BF00907FC9 /* ePage.swift in Sources */,
				4D78F0F223686FA4004F69B1 /* eGame.swift in Sources */,
				4D78F11A236AF82A004F69B1 /* NodesManager.swift in Sources */,
				4D78F11C236AF8DE004F69B1 /* sNode.swift in Sources */,
				4D78F0E423681A64004F69B1 /* eDevice.swift in Sources */,
				4D3A3513236FE2E000907FC9 /* Home.swift in Sources */,
				4D41A5F0236E4F84000A85DE /* sBasicButton.swift in Sources */,
				4D3A35222371520E00907FC9 /* sGameControl.swift in Sources */,
				4D78F0EB23682C25004F69B1 /* GameManager.swift in Sources */,
				4D3A35292371A1F000907FC9 /* Soccer.swift in Sources */,
				4D78F0F623694741004F69B1 /* eTouchStatus.swift in Sources */,
				4D1E488C2361C14D00F13E41 /* ViewController.swift in Sources */,
				4D78F0F023686266004F69B1 /* sYPosition.swift in Sources */,
				4D78F0FC23694C92004F69B1 /* TouchManager.swift in Sources */,
				4D78F108236ABDC7004F69B1 /* Debug.swift in Sources */,
				4D78F114236AF3C9004F69B1 /* Stretch.swift in Sources */,
				4D78F0FE236A6D60004F69B1 /* sLabel.swift in Sources */,
				4D78F0FA23694BD3004F69B1 /* sTouch.swift in Sources */,
				4D78F0F42368725C004F69B1 /* eGameSize.swift in Sources */,
				4D78F106236A78DE004F69B1 /* eZPosition.swift in Sources */,
				4D78F104236A76BA004F69B1 /* sSprite.swift in Sources */,
				4D1E488A2361C14D00F13E41 /* AppDelegate.swift in Sources */,
				4D3A35262371623F00907FC9 /* sStretchControl.swift in Sources */,
				4D3A35372372428900907FC9 /* TimeCountButton.swift in Sources */,
				4D3A35512373F26D00907FC9 /* Menu.swift in Sources */,
				4D3A352B2371A1F800907FC9 /* SoccerButton.swift in Sources */,
				4D78F100236A6E28004F69B1 /* eFont.swift in Sources */,
				4D41A5F2236E90FE000A85DE /* BasicButtonParts.swift in Sources */,
				4D3A35532373F2E700907FC9 /* MenuButton.swift in Sources */,
				4D78F116236AF3D6004F69B1 /* StretchBg.swift in Sources */,
				4D78F120236B1024004F69B1 /* ePagePosition.swift in Sources */,
				4D3A35572373FA2900907FC9 /* eMenuPosition.swift in Sources */,
				4D78F0F8236949FD004F69B1 /* eDragDirection.swift in Sources */,
				4D78F0EE23686185004F69B1 /* sXPosition.swift in Sources */,
				4D3A3517236FE4F800907FC9 /* HomeButton.swift in Sources */,
				4D3A35352372427B00907FC9 /* TimeCount.swift in Sources */,
				4D78F0E723681D5B004F69B1 /* MakeY.swift in Sources */,
				4D3A35322371B68400907FC9 /* BasketButton.swift in Sources */,
			);
			runOnlyForDeploymentPostprocessing = 0;
		};
/* End PBXSourcesBuildPhase section */

/* Begin PBXVariantGroup section */
		4D1E488D2361C14D00F13E41 /* Main.storyboard */ = {
			isa = PBXVariantGroup;
			children = (
				4D1E488E2361C14D00F13E41 /* Base */,
			);
			name = Main.storyboard;
			sourceTree = "<group>";
		};
		4D1E48922361C15000F13E41 /* LaunchScreen.storyboard */ = {
			isa = PBXVariantGroup;
			children = (
				4D1E48932361C15000F13E41 /* Base */,
			);
			name = LaunchScreen.storyboard;
			sourceTree = "<group>";
		};
/* End PBXVariantGroup section */

/* Begin XCBuildConfiguration section */
		4D1E48962361C15000F13E41 /* Debug */ = {
			isa = XCBuildConfiguration;
			buildSettings = {
				ALWAYS_SEARCH_USER_PATHS = NO;
				CLANG_ANALYZER_NONNULL = YES;
				CLANG_ANALYZER_NUMBER_OBJECT_CONVERSION = YES_AGGRESSIVE;
				CLANG_CXX_LANGUAGE_STANDARD = "gnu++14";
				CLANG_CXX_LIBRARY = "libc++";
				CLANG_ENABLE_MODULES = YES;
				CLANG_ENABLE_OBJC_ARC = YES;
				CLANG_ENABLE_OBJC_WEAK = YES;
				CLANG_WARN_BLOCK_CAPTURE_AUTORELEASING = YES;
				CLANG_WARN_BOOL_CONVERSION = YES;
				CLANG_WARN_COMMA = YES;
				CLANG_WARN_CONSTANT_CONVERSION = YES;
				CLANG_WARN_DEPRECATED_OBJC_IMPLEMENTATIONS = YES;
				CLANG_WARN_DIRECT_OBJC_ISA_USAGE = YES_ERROR;
				CLANG_WARN_DOCUMENTATION_COMMENTS = YES;
				CLANG_WARN_EMPTY_BODY = YES;
				CLANG_WARN_ENUM_CONVERSION = YES;
				CLANG_WARN_INFINITE_RECURSION = YES;
				CLANG_WARN_INT_CONVERSION = YES;
				CLANG_WARN_NON_LITERAL_NULL_CONVERSION = YES;
				CLANG_WARN_OBJC_IMPLICIT_RETAIN_SELF = YES;
				CLANG_WARN_OBJC_LITERAL_CONVERSION = YES;
				CLANG_WARN_OBJC_ROOT_CLASS = YES_ERROR;
				CLANG_WARN_RANGE_LOOP_ANALYSIS = YES;
				CLANG_WARN_STRICT_PROTOTYPES = YES;
				CLANG_WARN_SUSPICIOUS_MOVE = YES;
				CLANG_WARN_UNGUARDED_AVAILABILITY = YES_AGGRESSIVE;
				CLANG_WARN_UNREACHABLE_CODE = YES;
				CLANG_WARN__DUPLICATE_METHOD_MATCH = YES;
				CODE_SIGN_IDENTITY = "iPhone Developer";
				COPY_PHASE_STRIP = NO;
				DEBUG_INFORMATION_FORMAT = dwarf;
				ENABLE_STRICT_OBJC_MSGSEND = YES;
				ENABLE_TESTABILITY = YES;
				GCC_C_LANGUAGE_STANDARD = gnu11;
				GCC_DYNAMIC_NO_PIC = NO;
				GCC_NO_COMMON_BLOCKS = YES;
				GCC_OPTIMIZATION_LEVEL = 0;
				GCC_PREPROCESSOR_DEFINITIONS = (
					"DEBUG=1",
					"$(inherited)",
				);
				GCC_WARN_64_TO_32_BIT_CONVERSION = YES;
				GCC_WARN_ABOUT_RETURN_TYPE = YES_ERROR;
				GCC_WARN_UNDECLARED_SELECTOR = YES;
				GCC_WARN_UNINITIALIZED_AUTOS = YES_AGGRESSIVE;
				GCC_WARN_UNUSED_FUNCTION = YES;
				GCC_WARN_UNUSED_VARIABLE = YES;
				IPHONEOS_DEPLOYMENT_TARGET = 12.2;
				MTL_ENABLE_DEBUG_INFO = INCLUDE_SOURCE;
				MTL_FAST_MATH = YES;
				ONLY_ACTIVE_ARCH = YES;
				SDKROOT = iphoneos;
				SWIFT_ACTIVE_COMPILATION_CONDITIONS = DEBUG;
				SWIFT_OPTIMIZATION_LEVEL = "-Onone";
			};
			name = Debug;
		};
		4D1E48972361C15000F13E41 /* Release */ = {
			isa = XCBuildConfiguration;
			buildSettings = {
				ALWAYS_SEARCH_USER_PATHS = NO;
				CLANG_ANALYZER_NONNULL = YES;
				CLANG_ANALYZER_NUMBER_OBJECT_CONVERSION = YES_AGGRESSIVE;
				CLANG_CXX_LANGUAGE_STANDARD = "gnu++14";
				CLANG_CXX_LIBRARY = "libc++";
				CLANG_ENABLE_MODULES = YES;
				CLANG_ENABLE_OBJC_ARC = YES;
				CLANG_ENABLE_OBJC_WEAK = YES;
				CLANG_WARN_BLOCK_CAPTURE_AUTORELEASING = YES;
				CLANG_WARN_BOOL_CONVERSION = YES;
				CLANG_WARN_COMMA = YES;
				CLANG_WARN_CONSTANT_CONVERSION = YES;
				CLANG_WARN_DEPRECATED_OBJC_IMPLEMENTATIONS = YES;
				CLANG_WARN_DIRECT_OBJC_ISA_USAGE = YES_ERROR;
				CLANG_WARN_DOCUMENTATION_COMMENTS = YES;
				CLANG_WARN_EMPTY_BODY = YES;
				CLANG_WARN_ENUM_CONVERSION = YES;
				CLANG_WARN_INFINITE_RECURSION = YES;
				CLANG_WARN_INT_CONVERSION = YES;
				CLANG_WARN_NON_LITERAL_NULL_CONVERSION = YES;
				CLANG_WARN_OBJC_IMPLICIT_RETAIN_SELF = YES;
				CLANG_WARN_OBJC_LITERAL_CONVERSION = YES;
				CLANG_WARN_OBJC_ROOT_CLASS = YES_ERROR;
				CLANG_WARN_RANGE_LOOP_ANALYSIS = YES;
				CLANG_WARN_STRICT_PROTOTYPES = YES;
				CLANG_WARN_SUSPICIOUS_MOVE = YES;
				CLANG_WARN_UNGUARDED_AVAILABILITY = YES_AGGRESSIVE;
				CLANG_WARN_UNREACHABLE_CODE = YES;
				CLANG_WARN__DUPLICATE_METHOD_MATCH = YES;
				CODE_SIGN_IDENTITY = "iPhone Developer";
				COPY_PHASE_STRIP = NO;
				DEBUG_INFORMATION_FORMAT = "dwarf-with-dsym";
				ENABLE_NS_ASSERTIONS = NO;
				ENABLE_STRICT_OBJC_MSGSEND = YES;
				GCC_C_LANGUAGE_STANDARD = gnu11;
				GCC_NO_COMMON_BLOCKS = YES;
				GCC_WARN_64_TO_32_BIT_CONVERSION = YES;
				GCC_WARN_ABOUT_RETURN_TYPE = YES_ERROR;
				GCC_WARN_UNDECLARED_SELECTOR = YES;
				GCC_WARN_UNINITIALIZED_AUTOS = YES_AGGRESSIVE;
				GCC_WARN_UNUSED_FUNCTION = YES;
				GCC_WARN_UNUSED_VARIABLE = YES;
				IPHONEOS_DEPLOYMENT_TARGET = 12.2;
				MTL_ENABLE_DEBUG_INFO = NO;
				MTL_FAST_MATH = YES;
				SDKROOT = iphoneos;
				SWIFT_COMPILATION_MODE = wholemodule;
				SWIFT_OPTIMIZATION_LEVEL = "-O";
				VALIDATE_PRODUCT = YES;
			};
			name = Release;
		};
		4D1E48992361C15000F13E41 /* Debug */ = {
			isa = XCBuildConfiguration;
			buildSettings = {
				ASSETCATALOG_COMPILER_APPICON_NAME = AppIcon;
				CODE_SIGN_STYLE = Automatic;
				DEVELOPMENT_TEAM = R6XF4S3R6R;
				INFOPLIST_FILE = Sports/Info.plist;
				IPHONEOS_DEPLOYMENT_TARGET = 12.0;
				LD_RUNPATH_SEARCH_PATHS = (
					"$(inherited)",
					"@executable_path/Frameworks",
				);
				PRODUCT_BUNDLE_IDENTIFIER = "Project-97.Sports";
				PRODUCT_NAME = "$(TARGET_NAME)";
				SWIFT_VERSION = 5.0;
				TARGETED_DEVICE_FAMILY = "1,2";
			};
			name = Debug;
		};
		4D1E489A2361C15000F13E41 /* Release */ = {
			isa = XCBuildConfiguration;
			buildSettings = {
				ASSETCATALOG_COMPILER_APPICON_NAME = AppIcon;
				CODE_SIGN_STYLE = Automatic;
				DEVELOPMENT_TEAM = R6XF4S3R6R;
				INFOPLIST_FILE = Sports/Info.plist;
				IPHONEOS_DEPLOYMENT_TARGET = 12.0;
				LD_RUNPATH_SEARCH_PATHS = (
					"$(inherited)",
					"@executable_path/Frameworks",
				);
				PRODUCT_BUNDLE_IDENTIFIER = "Project-97.Sports";
				PRODUCT_NAME = "$(TARGET_NAME)";
				SWIFT_VERSION = 5.0;
				TARGETED_DEVICE_FAMILY = "1,2";
			};
			name = Release;
		};
/* End XCBuildConfiguration section */

/* Begin XCConfigurationList section */
		4D1E48812361C14D00F13E41 /* Build configuration list for PBXProject "Sports" */ = {
			isa = XCConfigurationList;
			buildConfigurations = (
				4D1E48962361C15000F13E41 /* Debug */,
				4D1E48972361C15000F13E41 /* Release */,
			);
			defaultConfigurationIsVisible = 0;
			defaultConfigurationName = Release;
		};
		4D1E48982361C15000F13E41 /* Build configuration list for PBXNativeTarget "Sports" */ = {
			isa = XCConfigurationList;
			buildConfigurations = (
				4D1E48992361C15000F13E41 /* Debug */,
				4D1E489A2361C15000F13E41 /* Release */,
			);
			defaultConfigurationIsVisible = 0;
			defaultConfigurationName = Release;
		};
/* End XCConfigurationList section */
	};
	rootObject = 4D1E487E2361C14D00F13E41 /* Project object */;
}
